
Microsoft Visual Studio Solution File, Format Version 12.00
# Visual Studio Version 17
VisualStudioVersion = 17.0.31919.166
MinimumVisualStudioVersion = 10.0.40219.1
Project("{FAE04EC0-301F-11D3-BF4B-00C04F79EFBC}") = "CompaniSirket", "CompaniSirket\CompaniSirket.csproj", "{9F81622E-9421-454A-A81A-F5367CEF4CC6}"
EndProject
Global
	GlobalSection(SolutionConfigurationPlatforms) = preSolution
		Debug|Any CPU = Debug|Any CPU
		Release|Any CPU = Release|Any CPU
	EndGlobalSection
	GlobalSection(ProjectConfigurationPlatforms) = postSolution
		{9F81622E-9421-454A-A81A-F5367CEF4CC6}.Debug|Any CPU.ActiveCfg = Debug|Any CPU
		{9F81622E-9421-454A-A81A-F5367CEF4CC6}.Debug|Any CPU.Build.0 = Debug|Any CPU
		{9F81622E-9421-454A-A81A-F5367CEF4CC6}.Release|Any CPU.ActiveCfg = Release|Any CPU
		{9F81622E-9421-454A-A81A-F5367CEF4CC6}.Release|Any CPU.Build.0 = Release|Any CPU
	EndGlobalSection
	GlobalSection(SolutionProperties) = preSolution
		HideSolutionNode = FALSE
	EndGlobalSection
	GlobalSection(ExtensibilityGlobals) = postSolution
		SolutionGuid = {C4F0E6A8-609F-4169-8A68-0DCF12D2696F}
	EndGlobalSection
EndGlobal
